
Microsoft Visual Studio Solution File, Format Version 12.00
# Visual Studio Version 16
VisualStudioVersion = 16.0.32602.291
MinimumVisualStudioVersion = 10.0.40219.1
Project("{2150E333-8FDC-42A3-9474-1A3956D46DE8}") = "01-basic", "01-basic", "{EB21DFA8-CFEF-4BD2-BECE-77800C783C0D}"
EndProject
Project("{8BC9CEB8-8B4A-11D0-8D11-00A0C91BC942}") = "glut", "01-basic\glut\glut.vcxproj", "{63CA3E6D-5A07-467B-8FC5-C6A39571307E}"
EndProject
Project("{8BC9CEB8-8B4A-11D0-8D11-00A0C91BC942}") = "Qt-ES", "01-basic\Qt-ES\Qt-ES.vcxproj", "{E851DAD4-79E0-444D-8216-1D0AF2A6E369}"
EndProject
Project("{8BC9CEB8-8B4A-11D0-8D11-00A0C91BC942}") = "Qt-OpenGL", "01-basic\Qt-OpenGL\Qt-OpenGL.vcxproj", "{B12702AD-ABFB-343A-A199-8E24837244A3}"
EndProject
Project("{8BC9CEB8-8B4A-11D0-8D11-00A0C91BC942}") = "Win32OpenGL", "01-basic\StudyOpenGL\StudyOpenGL.vcxproj", "{CAB26FC3-799A-434E-BC1C-BB0CFEB6B75D}"
EndProject
Project("{8BC9CEB8-8B4A-11D0-8D11-00A0C91BC942}") = "test-glfw", "01-basic\test-glfw\test-glfw.vcxproj", "{F9415F2B-2D1E-45DF-9848-03CAB31318B4}"
EndProject
Project("{8BC9CEB8-8B4A-11D0-8D11-00A0C91BC942}") = "win32-es2", "01-basic\win32-es2\win32-es2.vcxproj", "{9BD99D78-0973-43B0-B223-8FE53435A6E5}"
EndProject
Project("{2150E333-8FDC-42A3-9474-1A3956D46DE8}") = "02-图元", "02-图元", "{8B951D87-0678-447F-881C-873AA2199B39}"
EndProject
Project("{8BC9CEB8-8B4A-11D0-8D11-00A0C91BC942}") = "01-正交投影", "02-基本图元\01-正交投影\01-正交投影.vcxproj", "{AA53C6AE-2A91-42D0-98B3-F3F55ACAA6E8}"
EndProject
Project("{8BC9CEB8-8B4A-11D0-8D11-00A0C91BC942}") = "02-窗口的封装", "02-基本图元\02-窗口的封装\02-窗口的封装.vcxproj", "{F70B6DBA-84C3-417F-B48F-3A8AE4E365C3}"
EndProject
Project("{8BC9CEB8-8B4A-11D0-8D11-00A0C91BC942}") = "03-Triangle-circle", "02-基本图元\03-Triangle-circle\03-Triangle-circle.vcxproj", "{B22A3730-0059-4063-87BF-4EC23A666757}"
EndProject
Project("{8BC9CEB8-8B4A-11D0-8D11-00A0C91BC942}") = "04-Triangle-vpoint", "02-基本图元\04-Triangle-VPointer\04-Triangle-vpoint.vcxproj", "{4E28B2D4-E172-4CB6-B189-96DBDA7EBA2E}"
EndProject
Project("{8BC9CEB8-8B4A-11D0-8D11-00A0C91BC942}") = "05-Triangle-Fan", "02-基本图元\05-Triangle-Fan\05-Triangle-Fan.vcxproj", "{F2E92B7D-EE86-41FD-A953-D105F62F2612}"
EndProject
Project("{8BC9CEB8-8B4A-11D0-8D11-00A0C91BC942}") = "06-Triangle-Strip", "02-基本图元\06-Triangle-STRIP\06-Triangle-Strip.vcxproj", "{FBE8435B-85F0-4502-B570-72FFB4AF4D57}"
EndProject
Project("{8BC9CEB8-8B4A-11D0-8D11-00A0C91BC942}") = "07-Triangle-color", "02-基本图元\07-Triangle-color\07-Triangle-Color.vcxproj", "{E26CD54D-F682-487C-9FC5-9C78FA5007D7}"
EndProject
Project("{8BC9CEB8-8B4A-11D0-8D11-00A0C91BC942}") = "08-lines", "02-基本图元\08-lines\08-lines.vcxproj", "{383D3245-A80E-4058-8063-8CCDAF0A7335}"
EndProject
Project("{8BC9CEB8-8B4A-11D0-8D11-00A0C91BC942}") = "09-lines-circle", "02-基本图元\09-lines-circle\09-lines-circle.vcxproj", "{F756C7D1-9288-495D-9022-838F3AEC5905}"
EndProject
Project("{8BC9CEB8-8B4A-11D0-8D11-00A0C91BC942}") = "10-bezier-curve", "02-基本图元\10-bezier-curve\10-bezier-curve.vcxproj", "{0C97AEF7-A034-4FE1-AF7F-C0CA6C9B5740}"
EndProject
Project("{8BC9CEB8-8B4A-11D0-8D11-00A0C91BC942}") = "11-矩形带绘制", "02-基本图元\11-矩形带的绘制\11-矩形带绘制.vcxproj", "{06EE4FAC-0793-440A-BCE0-1BB9D8E2F0BD}"
EndProject
Project("{8BC9CEB8-8B4A-11D0-8D11-00A0C91BC942}") = "12-多边形", "02-基本图元\12-多边形\12-多边形.vcxproj", "{D2BD1479-2E87-47A4-92F1-F5E0F47A4829}"
EndProject
Project("{8BC9CEB8-8B4A-11D0-8D11-00A0C91BC942}") = "13-spline", "02-基本图元\13-spline\13-spline.vcxproj", "{C0C8A37C-1696-49D8-8386-6FB40D01BCDD}"
EndProject
Project("{8BC9CEB8-8B4A-11D0-8D11-00A0C91BC942}") = "14-线的样式", "02-基本图元\14-线的样式\14-线的样式.vcxproj", "{D583AD3F-43A8-4D16-A264-493596E1FA08}"
EndProject
Project("{8BC9CEB8-8B4A-11D0-8D11-00A0C91BC942}") = "15-平滑和反锯齿", "02-基本图元\15-平滑和反锯齿\15-平滑和反锯齿.vcxproj", "{EC135950-37EE-47B0-BC50-BF926E54980A}"
EndProject
Project("{8BC9CEB8-8B4A-11D0-8D11-00A0C91BC942}") = "16-drawpixel", "02-基本图元\16-drawpixel\16-drawpixel.vcxproj", "{5E6FC3D3-5D27-48A0-BBDC-7031C6EC983F}"
EndProject
Project("{8BC9CEB8-8B4A-11D0-8D11-00A0C91BC942}") = "17-OpenGL扩展", "02-基本图元\17-OpenGl扩展\17-OpenGL扩展.vcxproj", "{2FEFB42F-13F1-43CB-BDD0-4FD853519537}"
EndProject
Project("{8BC9CEB8-8B4A-11D0-8D11-00A0C91BC942}") = "18-垂直同步控制", "02-基本图元\18-垂直同步的控制\18-垂直同步控制.vcxproj", "{5A309114-D67E-40EA-9340-D0CB9B14A919}"
EndProject
Project("{2150E333-8FDC-42A3-9474-1A3956D46DE8}") = "03-3D投影", "03-3D投影", "{85FBF294-A1FA-47FE-BCD3-EE580F4D7AD0}"
EndProject
Project("{8BC9CEB8-8B4A-11D0-8D11-00A0C91BC942}") = "01-3D-Perspective-Project", "03-3D_Projection\01-perspective-projection\01-perspective-project.vcxproj", "{1DE725A7-5D8F-4A8C-8CBC-A02CA9C0EAF3}"
EndProject
Global
	GlobalSection(SolutionConfigurationPlatforms) = preSolution
		Debug|Win32 = Debug|Win32
		Debug|x64 = Debug|x64
		Release|Win32 = Release|Win32
		Release|x64 = Release|x64
	EndGlobalSection
	GlobalSection(ProjectConfigurationPlatforms) = postSolution
		{63CA3E6D-5A07-467B-8FC5-C6A39571307E}.Debug|Win32.ActiveCfg = Debug|Win32
		{63CA3E6D-5A07-467B-8FC5-C6A39571307E}.Debug|Win32.Build.0 = Debug|Win32
		{63CA3E6D-5A07-467B-8FC5-C6A39571307E}.Debug|x64.ActiveCfg = Debug|Win32
		{63CA3E6D-5A07-467B-8FC5-C6A39571307E}.Release|Win32.ActiveCfg = Release|Win32
		{63CA3E6D-5A07-467B-8FC5-C6A39571307E}.Release|Win32.Build.0 = Release|Win32
		{63CA3E6D-5A07-467B-8FC5-C6A39571307E}.Release|x64.ActiveCfg = Release|Win32
		{E851DAD4-79E0-444D-8216-1D0AF2A6E369}.Debug|Win32.ActiveCfg = Debug|Win32
		{E851DAD4-79E0-444D-8216-1D0AF2A6E369}.Debug|Win32.Build.0 = Debug|Win32
		{E851DAD4-79E0-444D-8216-1D0AF2A6E369}.Debug|x64.ActiveCfg = Debug|Win32
		{E851DAD4-79E0-444D-8216-1D0AF2A6E369}.Release|Win32.ActiveCfg = Release|Win32
		{E851DAD4-79E0-444D-8216-1D0AF2A6E369}.Release|Win32.Build.0 = Release|Win32
		{E851DAD4-79E0-444D-8216-1D0AF2A6E369}.Release|x64.ActiveCfg = Release|Win32
		{B12702AD-ABFB-343A-A199-8E24837244A3}.Debug|Win32.ActiveCfg = Debug|Win32
		{B12702AD-ABFB-343A-A199-8E24837244A3}.Debug|Win32.Build.0 = Debug|Win32
		{B12702AD-ABFB-343A-A199-8E24837244A3}.Debug|x64.ActiveCfg = Debug|Win32
		{B12702AD-ABFB-343A-A199-8E24837244A3}.Release|Win32.ActiveCfg = Release|Win32
		{B12702AD-ABFB-343A-A199-8E24837244A3}.Release|Win32.Build.0 = Release|Win32
		{B12702AD-ABFB-343A-A199-8E24837244A3}.Release|x64.ActiveCfg = Release|Win32
		{CAB26FC3-799A-434E-BC1C-BB0CFEB6B75D}.Debug|Win32.ActiveCfg = Debug|Win32
		{CAB26FC3-799A-434E-BC1C-BB0CFEB6B75D}.Debug|Win32.Build.0 = Debug|Win32
		{CAB26FC3-799A-434E-BC1C-BB0CFEB6B75D}.Debug|x64.ActiveCfg = Debug|Win32
		{CAB26FC3-799A-434E-BC1C-BB0CFEB6B75D}.Release|Win32.ActiveCfg = Release|Win32
		{CAB26FC3-799A-434E-BC1C-BB0CFEB6B75D}.Release|Win32.Build.0 = Release|Win32
		{CAB26FC3-799A-434E-BC1C-BB0CFEB6B75D}.Release|x64.ActiveCfg = Release|Win32
		{F9415F2B-2D1E-45DF-9848-03CAB31318B4}.Debug|Win32.ActiveCfg = Debug|Win32
		{F9415F2B-2D1E-45DF-9848-03CAB31318B4}.Debug|Win32.Build.0 = Debug|Win32
		{F9415F2B-2D1E-45DF-9848-03CAB31318B4}.Debug|x64.ActiveCfg = Debug|Win32
		{F9415F2B-2D1E-45DF-9848-03CAB31318B4}.Release|Win32.ActiveCfg = Release|Win32
		{F9415F2B-2D1E-45DF-9848-03CAB31318B4}.Release|Win32.Build.0 = Release|Win32
		{F9415F2B-2D1E-45DF-9848-03CAB31318B4}.Release|x64.ActiveCfg = Release|Win32
		{9BD99D78-0973-43B0-B223-8FE53435A6E5}.Debug|Win32.ActiveCfg = Debug|Win32
		{9BD99D78-0973-43B0-B223-8FE53435A6E5}.Debug|Win32.Build.0 = Debug|Win32
		{9BD99D78-0973-43B0-B223-8FE53435A6E5}.Debug|x64.ActiveCfg = Debug|Win32
		{9BD99D78-0973-43B0-B223-8FE53435A6E5}.Release|Win32.ActiveCfg = Release|Win32
		{9BD99D78-0973-43B0-B223-8FE53435A6E5}.Release|Win32.Build.0 = Release|Win32
		{9BD99D78-0973-43B0-B223-8FE53435A6E5}.Release|x64.ActiveCfg = Release|Win32
		{AA53C6AE-2A91-42D0-98B3-F3F55ACAA6E8}.Debug|Win32.ActiveCfg = Debug|Win32
		{AA53C6AE-2A91-42D0-98B3-F3F55ACAA6E8}.Debug|Win32.Build.0 = Debug|Win32
		{AA53C6AE-2A91-42D0-98B3-F3F55ACAA6E8}.Debug|x64.ActiveCfg = Debug|Win32
		{AA53C6AE-2A91-42D0-98B3-F3F55ACAA6E8}.Release|Win32.ActiveCfg = Release|Win32
		{AA53C6AE-2A91-42D0-98B3-F3F55ACAA6E8}.Release|Win32.Build.0 = Release|Win32
		{AA53C6AE-2A91-42D0-98B3-F3F55ACAA6E8}.Release|x64.ActiveCfg = Release|Win32
		{F70B6DBA-84C3-417F-B48F-3A8AE4E365C3}.Debug|Win32.ActiveCfg = Debug|Win32
		{F70B6DBA-84C3-417F-B48F-3A8AE4E365C3}.Debug|Win32.Build.0 = Debug|Win32
		{F70B6DBA-84C3-417F-B48F-3A8AE4E365C3}.Debug|x64.ActiveCfg = Debug|Win32
		{F70B6DBA-84C3-417F-B48F-3A8AE4E365C3}.Release|Win32.ActiveCfg = Release|Win32
		{F70B6DBA-84C3-417F-B48F-3A8AE4E365C3}.Release|Win32.Build.0 = Release|Win32
		{F70B6DBA-84C3-417F-B48F-3A8AE4E365C3}.Release|x64.ActiveCfg = Release|Win32
		{B22A3730-0059-4063-87BF-4EC23A666757}.Debug|Win32.ActiveCfg = Debug|Win32
		{B22A3730-0059-4063-87BF-4EC23A666757}.Debug|Win32.Build.0 = Debug|Win32
		{B22A3730-0059-4063-87BF-4EC23A666757}.Debug|x64.ActiveCfg = Debug|x64
		{B22A3730-0059-4063-87BF-4EC23A666757}.Debug|x64.Build.0 = Debug|x64
		{B22A3730-0059-4063-87BF-4EC23A666757}.Release|Win32.ActiveCfg = Release|Win32
		{B22A3730-0059-4063-87BF-4EC23A666757}.Release|Win32.Build.0 = Release|Win32
		{B22A3730-0059-4063-87BF-4EC23A666757}.Release|x64.ActiveCfg = Release|x64
		{B22A3730-0059-4063-87BF-4EC23A666757}.Release|x64.Build.0 = Release|x64
		{4E28B2D4-E172-4CB6-B189-96DBDA7EBA2E}.Debug|Win32.ActiveCfg = Debug|Win32
		{4E28B2D4-E172-4CB6-B189-96DBDA7EBA2E}.Debug|Win32.Build.0 = Debug|Win32
		{4E28B2D4-E172-4CB6-B189-96DBDA7EBA2E}.Debug|x64.ActiveCfg = Debug|x64
		{4E28B2D4-E172-4CB6-B189-96DBDA7EBA2E}.Debug|x64.Build.0 = Debug|x64
		{4E28B2D4-E172-4CB6-B189-96DBDA7EBA2E}.Release|Win32.ActiveCfg = Release|Win32
		{4E28B2D4-E172-4CB6-B189-96DBDA7EBA2E}.Release|Win32.Build.0 = Release|Win32
		{4E28B2D4-E172-4CB6-B189-96DBDA7EBA2E}.Release|x64.ActiveCfg = Release|x64
		{4E28B2D4-E172-4CB6-B189-96DBDA7EBA2E}.Release|x64.Build.0 = Release|x64
		{F2E92B7D-EE86-41FD-A953-D105F62F2612}.Debug|Win32.ActiveCfg = Debug|Win32
		{F2E92B7D-EE86-41FD-A953-D105F62F2612}.Debug|Win32.Build.0 = Debug|Win32
		{F2E92B7D-EE86-41FD-A953-D105F62F2612}.Debug|x64.ActiveCfg = Debug|x64
		{F2E92B7D-EE86-41FD-A953-D105F62F2612}.Debug|x64.Build.0 = Debug|x64
		{F2E92B7D-EE86-41FD-A953-D105F62F2612}.Release|Win32.ActiveCfg = Release|Win32
		{F2E92B7D-EE86-41FD-A953-D105F62F2612}.Release|Win32.Build.0 = Release|Win32
		{F2E92B7D-EE86-41FD-A953-D105F62F2612}.Release|x64.ActiveCfg = Release|x64
		{F2E92B7D-EE86-41FD-A953-D105F62F2612}.Release|x64.Build.0 = Release|x64
		{FBE8435B-85F0-4502-B570-72FFB4AF4D57}.Debug|Win32.ActiveCfg = Debug|Win32
		{FBE8435B-85F0-4502-B570-72FFB4AF4D57}.Debug|Win32.Build.0 = Debug|Win32
		{FBE8435B-85F0-4502-B570-72FFB4AF4D57}.Debug|x64.ActiveCfg = Debug|x64
		{FBE8435B-85F0-4502-B570-72FFB4AF4D57}.Debug|x64.Build.0 = Debug|x64
		{FBE8435B-85F0-4502-B570-72FFB4AF4D57}.Release|Win32.ActiveCfg = Release|Win32
		{FBE8435B-85F0-4502-B570-72FFB4AF4D57}.Release|Win32.Build.0 = Release|Win32
		{FBE8435B-85F0-4502-B570-72FFB4AF4D57}.Release|x64.ActiveCfg = Release|x64
		{FBE8435B-85F0-4502-B570-72FFB4AF4D57}.Release|x64.Build.0 = Release|x64
		{E26CD54D-F682-487C-9FC5-9C78FA5007D7}.Debug|Win32.ActiveCfg = Debug|Win32
		{E26CD54D-F682-487C-9FC5-9C78FA5007D7}.Debug|Win32.Build.0 = Debug|Win32
		{E26CD54D-F682-487C-9FC5-9C78FA5007D7}.Debug|x64.ActiveCfg = Debug|x64
		{E26CD54D-F682-487C-9FC5-9C78FA5007D7}.Debug|x64.Build.0 = Debug|x64
		{E26CD54D-F682-487C-9FC5-9C78FA5007D7}.Release|Win32.ActiveCfg = Release|Win32
		{E26CD54D-F682-487C-9FC5-9C78FA5007D7}.Release|Win32.Build.0 = Release|Win32
		{E26CD54D-F682-487C-9FC5-9C78FA5007D7}.Release|x64.ActiveCfg = Release|x64
		{E26CD54D-F682-487C-9FC5-9C78FA5007D7}.Release|x64.Build.0 = Release|x64
		{383D3245-A80E-4058-8063-8CCDAF0A7335}.Debug|Win32.ActiveCfg = Debug|Win32
		{383D3245-A80E-4058-8063-8CCDAF0A7335}.Debug|Win32.Build.0 = Debug|Win32
		{383D3245-A80E-4058-8063-8CCDAF0A7335}.Debug|x64.ActiveCfg = Debug|x64
		{383D3245-A80E-4058-8063-8CCDAF0A7335}.Debug|x64.Build.0 = Debug|x64
		{383D3245-A80E-4058-8063-8CCDAF0A7335}.Release|Win32.ActiveCfg = Release|Win32
		{383D3245-A80E-4058-8063-8CCDAF0A7335}.Release|Win32.Build.0 = Release|Win32
		{383D3245-A80E-4058-8063-8CCDAF0A7335}.Release|x64.ActiveCfg = Release|x64
		{383D3245-A80E-4058-8063-8CCDAF0A7335}.Release|x64.Build.0 = Release|x64
		{F756C7D1-9288-495D-9022-838F3AEC5905}.Debug|Win32.ActiveCfg = Debug|Win32
		{F756C7D1-9288-495D-9022-838F3AEC5905}.Debug|Win32.Build.0 = Debug|Win32
		{F756C7D1-9288-495D-9022-838F3AEC5905}.Debug|x64.ActiveCfg = Debug|x64
		{F756C7D1-9288-495D-9022-838F3AEC5905}.Debug|x64.Build.0 = Debug|x64
		{F756C7D1-9288-495D-9022-838F3AEC5905}.Release|Win32.ActiveCfg = Release|Win32
		{F756C7D1-9288-495D-9022-838F3AEC5905}.Release|Win32.Build.0 = Release|Win32
		{F756C7D1-9288-495D-9022-838F3AEC5905}.Release|x64.ActiveCfg = Release|x64
		{F756C7D1-9288-495D-9022-838F3AEC5905}.Release|x64.Build.0 = Release|x64
		{0C97AEF7-A034-4FE1-AF7F-C0CA6C9B5740}.Debug|Win32.ActiveCfg = Debug|Win32
		{0C97AEF7-A034-4FE1-AF7F-C0CA6C9B5740}.Debug|Win32.Build.0 = Debug|Win32
		{0C97AEF7-A034-4FE1-AF7F-C0CA6C9B5740}.Debug|x64.ActiveCfg = Debug|x64
		{0C97AEF7-A034-4FE1-AF7F-C0CA6C9B5740}.Debug|x64.Build.0 = Debug|x64
		{0C97AEF7-A034-4FE1-AF7F-C0CA6C9B5740}.Release|Win32.ActiveCfg = Release|Win32
		{0C97AEF7-A034-4FE1-AF7F-C0CA6C9B5740}.Release|Win32.Build.0 = Release|Win32
		{0C97AEF7-A034-4FE1-AF7F-C0CA6C9B5740}.Release|x64.ActiveCfg = Release|x64
		{0C97AEF7-A034-4FE1-AF7F-C0CA6C9B5740}.Release|x64.Build.0 = Release|x64
		{06EE4FAC-0793-440A-BCE0-1BB9D8E2F0BD}.Debug|Win32.ActiveCfg = Debug|Win32
		{06EE4FAC-0793-440A-BCE0-1BB9D8E2F0BD}.Debug|Win32.Build.0 = Debug|Win32
		{06EE4FAC-0793-440A-BCE0-1BB9D8E2F0BD}.Debug|x64.ActiveCfg = Debug|x64
		{06EE4FAC-0793-440A-BCE0-1BB9D8E2F0BD}.Debug|x64.Build.0 = Debug|x64
		{06EE4FAC-0793-440A-BCE0-1BB9D8E2F0BD}.Release|Win32.ActiveCfg = Release|Win32
		{06EE4FAC-0793-440A-BCE0-1BB9D8E2F0BD}.Release|Win32.Build.0 = Release|Win32
		{06EE4FAC-0793-440A-BCE0-1BB9D8E2F0BD}.Release|x64.ActiveCfg = Release|x64
		{06EE4FAC-0793-440A-BCE0-1BB9D8E2F0BD}.Release|x64.Build.0 = Release|x64
		{D2BD1479-2E87-47A4-92F1-F5E0F47A4829}.Debug|Win32.ActiveCfg = Debug|Win32
		{D2BD1479-2E87-47A4-92F1-F5E0F47A4829}.Debug|Win32.Build.0 = Debug|Win32
		{D2BD1479-2E87-47A4-92F1-F5E0F47A4829}.Debug|x64.ActiveCfg = Debug|x64
		{D2BD1479-2E87-47A4-92F1-F5E0F47A4829}.Debug|x64.Build.0 = Debug|x64
		{D2BD1479-2E87-47A4-92F1-F5E0F47A4829}.Release|Win32.ActiveCfg = Release|Win32
		{D2BD1479-2E87-47A4-92F1-F5E0F47A4829}.Release|Win32.Build.0 = Release|Win32
		{D2BD1479-2E87-47A4-92F1-F5E0F47A4829}.Release|x64.ActiveCfg = Release|x64
		{D2BD1479-2E87-47A4-92F1-F5E0F47A4829}.Release|x64.Build.0 = Release|x64
		{C0C8A37C-1696-49D8-8386-6FB40D01BCDD}.Debug|Win32.ActiveCfg = Debug|Win32
		{C0C8A37C-1696-49D8-8386-6FB40D01BCDD}.Debug|Win32.Build.0 = Debug|Win32
		{C0C8A37C-1696-49D8-8386-6FB40D01BCDD}.Debug|x64.ActiveCfg = Debug|x64
		{C0C8A37C-1696-49D8-8386-6FB40D01BCDD}.Debug|x64.Build.0 = Debug|x64
		{C0C8A37C-1696-49D8-8386-6FB40D01BCDD}.Release|Win32.ActiveCfg = Release|Win32
		{C0C8A37C-1696-49D8-8386-6FB40D01BCDD}.Release|Win32.Build.0 = Release|Win32
		{C0C8A37C-1696-49D8-8386-6FB40D01BCDD}.Release|x64.ActiveCfg = Release|x64
		{C0C8A37C-1696-49D8-8386-6FB40D01BCDD}.Release|x64.Build.0 = Release|x64
		{D583AD3F-43A8-4D16-A264-493596E1FA08}.Debug|Win32.ActiveCfg = Debug|Win32
		{D583AD3F-43A8-4D16-A264-493596E1FA08}.Debug|Win32.Build.0 = Debug|Win32
		{D583AD3F-43A8-4D16-A264-493596E1FA08}.Debug|x64.ActiveCfg = Debug|x64
		{D583AD3F-43A8-4D16-A264-493596E1FA08}.Debug|x64.Build.0 = Debug|x64
		{D583AD3F-43A8-4D16-A264-493596E1FA08}.Release|Win32.ActiveCfg = Release|Win32
		{D583AD3F-43A8-4D16-A264-493596E1FA08}.Release|Win32.Build.0 = Release|Win32
		{D583AD3F-43A8-4D16-A264-493596E1FA08}.Release|x64.ActiveCfg = Release|x64
		{D583AD3F-43A8-4D16-A264-493596E1FA08}.Release|x64.Build.0 = Release|x64
		{EC135950-37EE-47B0-BC50-BF926E54980A}.Debug|Win32.ActiveCfg = Debug|Win32
		{EC135950-37EE-47B0-BC50-BF926E54980A}.Debug|Win32.Build.0 = Debug|Win32
		{EC135950-37EE-47B0-BC50-BF926E54980A}.Debug|x64.ActiveCfg = Debug|x64
		{EC135950-37EE-47B0-BC50-BF926E54980A}.Debug|x64.Build.0 = Debug|x64
		{EC135950-37EE-47B0-BC50-BF926E54980A}.Release|Win32.ActiveCfg = Release|Win32
		{EC135950-37EE-47B0-BC50-BF926E54980A}.Release|Win32.Build.0 = Release|Win32
		{EC135950-37EE-47B0-BC50-BF926E54980A}.Release|x64.ActiveCfg = Release|x64
		{EC135950-37EE-47B0-BC50-BF926E54980A}.Release|x64.Build.0 = Release|x64
		{5E6FC3D3-5D27-48A0-BBDC-7031C6EC983F}.Debug|Win32.ActiveCfg = Debug|Win32
		{5E6FC3D3-5D27-48A0-BBDC-7031C6EC983F}.Debug|Win32.Build.0 = Debug|Win32
		{5E6FC3D3-5D27-48A0-BBDC-7031C6EC983F}.Debug|x64.ActiveCfg = Debug|x64
		{5E6FC3D3-5D27-48A0-BBDC-7031C6EC983F}.Debug|x64.Build.0 = Debug|x64
		{5E6FC3D3-5D27-48A0-BBDC-7031C6EC983F}.Release|Win32.ActiveCfg = Release|Win32
		{5E6FC3D3-5D27-48A0-BBDC-7031C6EC983F}.Release|Win32.Build.0 = Release|Win32
		{5E6FC3D3-5D27-48A0-BBDC-7031C6EC983F}.Release|x64.ActiveCfg = Release|x64
		{5E6FC3D3-5D27-48A0-BBDC-7031C6EC983F}.Release|x64.Build.0 = Release|x64
		{2FEFB42F-13F1-43CB-BDD0-4FD853519537}.Debug|Win32.ActiveCfg = Debug|Win32
		{2FEFB42F-13F1-43CB-BDD0-4FD853519537}.Debug|Win32.Build.0 = Debug|Win32
		{2FEFB42F-13F1-43CB-BDD0-4FD853519537}.Debug|x64.ActiveCfg = Debug|x64
		{2FEFB42F-13F1-43CB-BDD0-4FD853519537}.Debug|x64.Build.0 = Debug|x64
		{2FEFB42F-13F1-43CB-BDD0-4FD853519537}.Release|Win32.ActiveCfg = Release|Win32
		{2FEFB42F-13F1-43CB-BDD0-4FD853519537}.Release|Win32.Build.0 = Release|Win32
		{2FEFB42F-13F1-43CB-BDD0-4FD853519537}.Release|x64.ActiveCfg = Release|x64
		{2FEFB42F-13F1-43CB-BDD0-4FD853519537}.Release|x64.Build.0 = Release|x64
		{5A309114-D67E-40EA-9340-D0CB9B14A919}.Debug|Win32.ActiveCfg = Debug|Win32
		{5A309114-D67E-40EA-9340-D0CB9B14A919}.Debug|Win32.Build.0 = Debug|Win32
		{5A309114-D67E-40EA-9340-D0CB9B14A919}.Debug|x64.ActiveCfg = Debug|x64
		{5A309114-D67E-40EA-9340-D0CB9B14A919}.Debug|x64.Build.0 = Debug|x64
		{5A309114-D67E-40EA-9340-D0CB9B14A919}.Release|Win32.ActiveCfg = Release|Win32
		{5A309114-D67E-40EA-9340-D0CB9B14A919}.Release|Win32.Build.0 = Release|Win32
		{5A309114-D67E-40EA-9340-D0CB9B14A919}.Release|x64.ActiveCfg = Release|x64
		{5A309114-D67E-40EA-9340-D0CB9B14A919}.Release|x64.Build.0 = Release|x64
		{1DE725A7-5D8F-4A8C-8CBC-A02CA9C0EAF3}.Debug|Win32.ActiveCfg = Debug|Win32
		{1DE725A7-5D8F-4A8C-8CBC-A02CA9C0EAF3}.Debug|Win32.Build.0 = Debug|Win32
		{1DE725A7-5D8F-4A8C-8CBC-A02CA9C0EAF3}.Debug|x64.ActiveCfg = Debug|x64
		{1DE725A7-5D8F-4A8C-8CBC-A02CA9C0EAF3}.Debug|x64.Build.0 = Debug|x64
		{1DE725A7-5D8F-4A8C-8CBC-A02CA9C0EAF3}.Release|Win32.ActiveCfg = Release|Win32
		{1DE725A7-5D8F-4A8C-8CBC-A02CA9C0EAF3}.Release|Win32.Build.0 = Release|Win32
		{1DE725A7-5D8F-4A8C-8CBC-A02CA9C0EAF3}.Release|x64.ActiveCfg = Release|x64
		{1DE725A7-5D8F-4A8C-8CBC-A02CA9C0EAF3}.Release|x64.Build.0 = Release|x64
	EndGlobalSection
	GlobalSection(SolutionProperties) = preSolution
		HideSolutionNode = FALSE
	EndGlobalSection
	GlobalSection(NestedProjects) = preSolution
		{63CA3E6D-5A07-467B-8FC5-C6A39571307E} = {EB21DFA8-CFEF-4BD2-BECE-77800C783C0D}
		{E851DAD4-79E0-444D-8216-1D0AF2A6E369} = {EB21DFA8-CFEF-4BD2-BECE-77800C783C0D}
		{B12702AD-ABFB-343A-A199-8E24837244A3} = {EB21DFA8-CFEF-4BD2-BECE-77800C783C0D}
		{CAB26FC3-799A-434E-BC1C-BB0CFEB6B75D} = {EB21DFA8-CFEF-4BD2-BECE-77800C783C0D}
		{F9415F2B-2D1E-45DF-9848-03CAB31318B4} = {EB21DFA8-CFEF-4BD2-BECE-77800C783C0D}
		{9BD99D78-0973-43B0-B223-8FE53435A6E5} = {EB21DFA8-CFEF-4BD2-BECE-77800C783C0D}
		{AA53C6AE-2A91-42D0-98B3-F3F55ACAA6E8} = {8B951D87-0678-447F-881C-873AA2199B39}
		{F70B6DBA-84C3-417F-B48F-3A8AE4E365C3} = {8B951D87-0678-447F-881C-873AA2199B39}
		{B22A3730-0059-4063-87BF-4EC23A666757} = {8B951D87-0678-447F-881C-873AA2199B39}
		{4E28B2D4-E172-4CB6-B189-96DBDA7EBA2E} = {8B951D87-0678-447F-881C-873AA2199B39}
		{F2E92B7D-EE86-41FD-A953-D105F62F2612} = {8B951D87-0678-447F-881C-873AA2199B39}
		{FBE8435B-85F0-4502-B570-72FFB4AF4D57} = {8B951D87-0678-447F-881C-873AA2199B39}
		{E26CD54D-F682-487C-9FC5-9C78FA5007D7} = {8B951D87-0678-447F-881C-873AA2199B39}
		{383D3245-A80E-4058-8063-8CCDAF0A7335} = {8B951D87-0678-447F-881C-873AA2199B39}
		{F756C7D1-9288-495D-9022-838F3AEC5905} = {8B951D87-0678-447F-881C-873AA2199B39}
		{0C97AEF7-A034-4FE1-AF7F-C0CA6C9B5740} = {8B951D87-0678-447F-881C-873AA2199B39}
		{06EE4FAC-0793-440A-BCE0-1BB9D8E2F0BD} = {8B951D87-0678-447F-881C-873AA2199B39}
		{D2BD1479-2E87-47A4-92F1-F5E0F47A4829} = {8B951D87-0678-447F-881C-873AA2199B39}
		{C0C8A37C-1696-49D8-8386-6FB40D01BCDD} = {8B951D87-0678-447F-881C-873AA2199B39}
		{D583AD3F-43A8-4D16-A264-493596E1FA08} = {8B951D87-0678-447F-881C-873AA2199B39}
		{EC135950-37EE-47B0-BC50-BF926E54980A} = {8B951D87-0678-447F-881C-873AA2199B39}
		{5E6FC3D3-5D27-48A0-BBDC-7031C6EC983F} = {8B951D87-0678-447F-881C-873AA2199B39}
		{2FEFB42F-13F1-43CB-BDD0-4FD853519537} = {8B951D87-0678-447F-881C-873AA2199B39}
		{5A309114-D67E-40EA-9340-D0CB9B14A919} = {8B951D87-0678-447F-881C-873AA2199B39}
		{1DE725A7-5D8F-4A8C-8CBC-A02CA9C0EAF3} = {85FBF294-A1FA-47FE-BCD3-EE580F4D7AD0}
	EndGlobalSection
	GlobalSection(ExtensibilityGlobals) = postSolution
		SolutionGuid = {242C3172-FE13-4881-BD38-26AFEE2F4700}
	EndGlobalSection
EndGlobal
