
Microsoft Visual Studio Solution File, Format Version 12.00
# Visual Studio Version 16
VisualStudioVersion = 16.0.31910.168
MinimumVisualStudioVersion = 10.0.40219.1
Project("{8BC9CEB8-8B4A-11D0-8D11-00A0C91BC942}") = "茶壶", "茶壶\茶壶.vcxproj", "{B24EAF8C-E613-4B4E-8F9C-AC8806886868}"
EndProject
Project("{8BC9CEB8-8B4A-11D0-8D11-00A0C91BC942}") = "三角形", "第二章\三角形.vcxproj", "{592B9A0D-3675-4D69-B1ED-56F3521C87D5}"
EndProject
Project("{8BC9CEB8-8B4A-11D0-8D11-00A0C91BC942}") = "几何体", "几何体绘制\几何体.vcxproj", "{433F98AD-D3AE-465B-A9A9-6517BE0484CD}"
EndProject
Project("{8BC9CEB8-8B4A-11D0-8D11-00A0C91BC942}") = "line", "line\line.vcxproj", "{5802668E-A4FA-4C3D-8D83-DFE7FE1CE879}"
EndProject
Project("{8BC9CEB8-8B4A-11D0-8D11-00A0C91BC942}") = "bezier", "bezier\bezier.vcxproj", "{F5336ED4-04B4-4D71-8209-D3C1B03EA0DF}"
EndProject
Project("{8BC9CEB8-8B4A-11D0-8D11-00A0C91BC942}") = "spline", "spline\spline.vcxproj", "{988796A0-0699-4F88-B086-BAE26760C908}"
EndProject
Global
	GlobalSection(SolutionConfigurationPlatforms) = preSolution
		Debug|x64 = Debug|x64
		Debug|x86 = Debug|x86
		Release|x64 = Release|x64
		Release|x86 = Release|x86
	EndGlobalSection
	GlobalSection(ProjectConfigurationPlatforms) = postSolution
		{B24EAF8C-E613-4B4E-8F9C-AC8806886868}.Debug|x64.ActiveCfg = Debug|x64
		{B24EAF8C-E613-4B4E-8F9C-AC8806886868}.Debug|x64.Build.0 = Debug|x64
		{B24EAF8C-E613-4B4E-8F9C-AC8806886868}.Debug|x86.ActiveCfg = Debug|Win32
		{B24EAF8C-E613-4B4E-8F9C-AC8806886868}.Debug|x86.Build.0 = Debug|Win32
		{B24EAF8C-E613-4B4E-8F9C-AC8806886868}.Release|x64.ActiveCfg = Release|x64
		{B24EAF8C-E613-4B4E-8F9C-AC8806886868}.Release|x64.Build.0 = Release|x64
		{B24EAF8C-E613-4B4E-8F9C-AC8806886868}.Release|x86.ActiveCfg = Release|Win32
		{B24EAF8C-E613-4B4E-8F9C-AC8806886868}.Release|x86.Build.0 = Release|Win32
		{592B9A0D-3675-4D69-B1ED-56F3521C87D5}.Debug|x64.ActiveCfg = Debug|x64
		{592B9A0D-3675-4D69-B1ED-56F3521C87D5}.Debug|x64.Build.0 = Debug|x64
		{592B9A0D-3675-4D69-B1ED-56F3521C87D5}.Debug|x86.ActiveCfg = Debug|Win32
		{592B9A0D-3675-4D69-B1ED-56F3521C87D5}.Debug|x86.Build.0 = Debug|Win32
		{592B9A0D-3675-4D69-B1ED-56F3521C87D5}.Release|x64.ActiveCfg = Release|x64
		{592B9A0D-3675-4D69-B1ED-56F3521C87D5}.Release|x64.Build.0 = Release|x64
		{592B9A0D-3675-4D69-B1ED-56F3521C87D5}.Release|x86.ActiveCfg = Release|Win32
		{592B9A0D-3675-4D69-B1ED-56F3521C87D5}.Release|x86.Build.0 = Release|Win32
		{433F98AD-D3AE-465B-A9A9-6517BE0484CD}.Debug|x64.ActiveCfg = Debug|x64
		{433F98AD-D3AE-465B-A9A9-6517BE0484CD}.Debug|x64.Build.0 = Debug|x64
		{433F98AD-D3AE-465B-A9A9-6517BE0484CD}.Debug|x86.ActiveCfg = Debug|Win32
		{433F98AD-D3AE-465B-A9A9-6517BE0484CD}.Debug|x86.Build.0 = Debug|Win32
		{433F98AD-D3AE-465B-A9A9-6517BE0484CD}.Release|x64.ActiveCfg = Release|x64
		{433F98AD-D3AE-465B-A9A9-6517BE0484CD}.Release|x64.Build.0 = Release|x64
		{433F98AD-D3AE-465B-A9A9-6517BE0484CD}.Release|x86.ActiveCfg = Release|Win32
		{433F98AD-D3AE-465B-A9A9-6517BE0484CD}.Release|x86.Build.0 = Release|Win32
		{5802668E-A4FA-4C3D-8D83-DFE7FE1CE879}.Debug|x64.ActiveCfg = Debug|x64
		{5802668E-A4FA-4C3D-8D83-DFE7FE1CE879}.Debug|x64.Build.0 = Debug|x64
		{5802668E-A4FA-4C3D-8D83-DFE7FE1CE879}.Debug|x86.ActiveCfg = Debug|Win32
		{5802668E-A4FA-4C3D-8D83-DFE7FE1CE879}.Debug|x86.Build.0 = Debug|Win32
		{5802668E-A4FA-4C3D-8D83-DFE7FE1CE879}.Release|x64.ActiveCfg = Release|x64
		{5802668E-A4FA-4C3D-8D83-DFE7FE1CE879}.Release|x64.Build.0 = Release|x64
		{5802668E-A4FA-4C3D-8D83-DFE7FE1CE879}.Release|x86.ActiveCfg = Release|Win32
		{5802668E-A4FA-4C3D-8D83-DFE7FE1CE879}.Release|x86.Build.0 = Release|Win32
		{F5336ED4-04B4-4D71-8209-D3C1B03EA0DF}.Debug|x64.ActiveCfg = Debug|x64
		{F5336ED4-04B4-4D71-8209-D3C1B03EA0DF}.Debug|x64.Build.0 = Debug|x64
		{F5336ED4-04B4-4D71-8209-D3C1B03EA0DF}.Debug|x86.ActiveCfg = Debug|Win32
		{F5336ED4-04B4-4D71-8209-D3C1B03EA0DF}.Debug|x86.Build.0 = Debug|Win32
		{F5336ED4-04B4-4D71-8209-D3C1B03EA0DF}.Release|x64.ActiveCfg = Release|x64
		{F5336ED4-04B4-4D71-8209-D3C1B03EA0DF}.Release|x64.Build.0 = Release|x64
		{F5336ED4-04B4-4D71-8209-D3C1B03EA0DF}.Release|x86.ActiveCfg = Release|Win32
		{F5336ED4-04B4-4D71-8209-D3C1B03EA0DF}.Release|x86.Build.0 = Release|Win32
		{988796A0-0699-4F88-B086-BAE26760C908}.Debug|x64.ActiveCfg = Debug|x64
		{988796A0-0699-4F88-B086-BAE26760C908}.Debug|x64.Build.0 = Debug|x64
		{988796A0-0699-4F88-B086-BAE26760C908}.Debug|x86.ActiveCfg = Debug|Win32
		{988796A0-0699-4F88-B086-BAE26760C908}.Debug|x86.Build.0 = Debug|Win32
		{988796A0-0699-4F88-B086-BAE26760C908}.Release|x64.ActiveCfg = Release|x64
		{988796A0-0699-4F88-B086-BAE26760C908}.Release|x64.Build.0 = Release|x64
		{988796A0-0699-4F88-B086-BAE26760C908}.Release|x86.ActiveCfg = Release|Win32
		{988796A0-0699-4F88-B086-BAE26760C908}.Release|x86.Build.0 = Release|Win32
	EndGlobalSection
	GlobalSection(SolutionProperties) = preSolution
		HideSolutionNode = FALSE
	EndGlobalSection
	GlobalSection(ExtensibilityGlobals) = postSolution
		SolutionGuid = {0BD2EFB5-3A9F-4B83-A548-6A242AE658A6}
	EndGlobalSection
EndGlobal
